{
  "name": "api_kino",
  "lockfileVersion": 3,
  "requires": true,
  "packages": {
    "": {
      "dependencies": {
        "jwt_auth": "^1.0.1"
      }
    },
    "node_modules/jwt_auth": {
      "version": "1.0.1",
      "resolved": "https://registry.npmjs.org/jwt_auth/-/jwt_auth-1.0.1.tgz",
      "integrity": "sha512-VBbUuxVIgLgvHBP5rG90FP65eHP9gmYPQjMNvreePsEtL6gAxndHO/wayJzNqEKdYkdpWUR9xgb8Sxp3Oaj0hQ==",
      "dependencies": {
        "jwt-simple": "~0.2.0",
        "moment": "~2.8.2"
      }
    },
    "node_modules/jwt-simple": {
      "version": "0.2.0",
      "resolved": "https://registry.npmjs.org/jwt-simple/-/jwt-simple-0.2.0.tgz",
      "integrity": "sha512-9nkYCilXrfgPHUo6TZu+j7q7r2pDyn1U5HoGgjRoHE13UHjeY3cw6/61t62YZ/3Efxo5rjZRJtqvX1cw+C3Blg==",
      "engines": {
        "node": ">= 0.4.0"
      }
    },
    "node_modules/moment": {
      "version": "2.8.4",
      "resolved": "https://registry.npmjs.org/moment/-/moment-2.8.4.tgz",
      "integrity": "sha512-PZTKkUyBuAAZvh20DslqxFYSTVsB7J5gdzJ9WS67XynvWsXPkDSqtkVMJrLQCGB2+tGwvDFbVhe6l6BK/ER86A==",
      "engines": {
        "node": "*"
      }
    }
  }
}
